
Microsoft Visual Studio Solution File, Format Version 12.00
# Visual Studio Version 16
VisualStudioVersion = 16.0.31515.178
MinimumVisualStudioVersion = 10.0.40219.1
Project("{FAE04EC0-301F-11D3-BF4B-00C04F79EFBC}") = "OOPBasicsGeekBrains", "OOPBasicsGeekBrains\OOPBasicsGeekBrains.csproj", "{92614759-E392-400D-9E12-A01744FE729C}"
EndProject
Global
	GlobalSection(SolutionConfigurationPlatforms) = preSolution
		Debug|Any CPU = Debug|Any CPU
		Release|Any CPU = Release|Any CPU
	EndGlobalSection
	GlobalSection(ProjectConfigurationPlatforms) = postSolution
		{92614759-E392-400D-9E12-A01744FE729C}.Debug|Any CPU.ActiveCfg = Debug|Any CPU
		{92614759-E392-400D-9E12-A01744FE729C}.Debug|Any CPU.Build.0 = Debug|Any CPU
		{92614759-E392-400D-9E12-A01744FE729C}.Release|Any CPU.ActiveCfg = Release|Any CPU
		{92614759-E392-400D-9E12-A01744FE729C}.Release|Any CPU.Build.0 = Release|Any CPU
	EndGlobalSection
	GlobalSection(SolutionProperties) = preSolution
		HideSolutionNode = FALSE
	EndGlobalSection
	GlobalSection(ExtensibilityGlobals) = postSolution
		SolutionGuid = {D10EB9BE-819C-4754-87A5-D9B4FE4B5085}
	EndGlobalSection
EndGlobal
